
Microsoft Visual Studio Solution File, Format Version 12.00
# Visual Studio Version 16
VisualStudioVersion = 25.0.1703.8
MinimumVisualStudioVersion = 10.0.40219.1
Project("{FAE04EC0-301F-11D3-BF4B-00C04F79EFBC}") = "SendEmail", "SendEmail\SendEmail.csproj", "{DCA3392C-8F8E-4EAD-8A0C-4B4801565EB4}"
EndProject
Global
	GlobalSection(SolutionConfigurationPlatforms) = preSolution
		Debug|Any CPU = Debug|Any CPU
		Release|Any CPU = Release|Any CPU
	EndGlobalSection
	GlobalSection(ProjectConfigurationPlatforms) = postSolution
		{DCA3392C-8F8E-4EAD-8A0C-4B4801565EB4}.Debug|Any CPU.ActiveCfg = Debug|Any CPU
		{DCA3392C-8F8E-4EAD-8A0C-4B4801565EB4}.Debug|Any CPU.Build.0 = Debug|Any CPU
		{DCA3392C-8F8E-4EAD-8A0C-4B4801565EB4}.Release|Any CPU.ActiveCfg = Release|Any CPU
		{DCA3392C-8F8E-4EAD-8A0C-4B4801565EB4}.Release|Any CPU.Build.0 = Release|Any CPU
	EndGlobalSection
	GlobalSection(SolutionProperties) = preSolution
		HideSolutionNode = FALSE
	EndGlobalSection
	GlobalSection(ExtensibilityGlobals) = postSolution
		SolutionGuid = {E1705787-A524-49DF-8FC6-1FD7183ABCA4}
	EndGlobalSection
EndGlobal
